
Microsoft Visual Studio Solution File, Format Version 12.00
# Visual Studio 15
VisualStudioVersion = 15.0.27130.2027
MinimumVisualStudioVersion = 10.0.40219.1
Project("{FAE04EC0-301F-11D3-BF4B-00C04F79EFBC}") = "UnitTests", "UnitTests\UnitTests.csproj", "{4131EE0C-9945-47BA-B239-6D083A1F274C}"
EndProject
Global
	GlobalSection(SolutionConfigurationPlatforms) = preSolution
		Debug|Any CPU = Debug|Any CPU
		Release|Any CPU = Release|Any CPU
	EndGlobalSection
	GlobalSection(ProjectConfigurationPlatforms) = postSolution
		{4131EE0C-9945-47BA-B239-6D083A1F274C}.Debug|Any CPU.ActiveCfg = Debug|Any CPU
		{4131EE0C-9945-47BA-B239-6D083A1F274C}.Debug|Any CPU.Build.0 = Debug|Any CPU
		{4131EE0C-9945-47BA-B239-6D083A1F274C}.Release|Any CPU.ActiveCfg = Release|Any CPU
		{4131EE0C-9945-47BA-B239-6D083A1F274C}.Release|Any CPU.Build.0 = Release|Any CPU
	EndGlobalSection
	GlobalSection(SolutionProperties) = preSolution
		HideSolutionNode = FALSE
	EndGlobalSection
	GlobalSection(ExtensibilityGlobals) = postSolution
		SolutionGuid = {DAD54F69-C688-445C-A911-6A29D8633215}
	EndGlobalSection
EndGlobal
